# This file is automatically @generated by Poetry 1.8.4 and should not be changed by hand.

[[package]]
name = "pydealer"
version = "1.4.0"
description = "A package for constructing decks of playing cards, for games."
optional = false
python-versions = "*"
files = [
    {file = "pydealer-1.4.0.zip", hash = "sha256:44bc46baef18bf33f884840eda2098c4741e662e9efe95449aed07c553d81dcf"},
]

[metadata]
lock-version = "2.0"
python-versions = "^3.11"
content-hash = "0139fc2889abad718d95d810b89f84ddde04e060752e6a25edf4d34a18a0bfdb"
